
Microsoft Visual Studio Solution File, Format Version 11.00
# Visual Studio 2010
Project("{FAE04EC0-301F-11D3-BF4B-00C04F79EFBC}") = "Commons", "Commons\Commons.csproj", "{1CD0AD6B-06FA-4427-8B23-6814D618ECAB}"
EndProject
Project("{FAE04EC0-301F-11D3-BF4B-00C04F79EFBC}") = "ProxyServer", "LoginServer\ProxyServer.csproj", "{49F8DC7E-B104-41BB-A6B8-7A2E66797C6B}"
EndProject
Project("{FAE04EC0-301F-11D3-BF4B-00C04F79EFBC}") = "ProtocolWalker", "ProtocolWalker\ProtocolWalker.csproj", "{43EA2BFB-28AF-4992-B0CC-7741740516D8}"
EndProject
Project("{FAE04EC0-301F-11D3-BF4B-00C04F79EFBC}") = "Cryptography", "Cryptography\Cryptography.csproj", "{4852F409-4C01-4A18-AF41-E2110968CF1E}"
EndProject
Project("{FAE04EC0-301F-11D3-BF4B-00C04F79EFBC}") = "ClientShardListPatcher", "ClientShardListPatcher\ClientShardListPatcher.csproj", "{3F4324C2-1BB5-436D-9053-660F34BB0C92}"
EndProject
Project("{FAE04EC0-301F-11D3-BF4B-00C04F79EFBC}") = "ShardListServer", "ShardListServer\ShardListServer.csproj", "{7E9F2C4B-091A-4B07-A24A-55F9489856D5}"
EndProject
Project("{2150E333-8FDC-42A3-9474-1A3956D46DE8}") = "Desktop", "Desktop", "{0394FBBE-434F-4A7F-8309-B7342EDF0CEC}"
EndProject
Project("{2150E333-8FDC-42A3-9474-1A3956D46DE8}") = "Server", "Server", "{21E0DB70-F9D8-4846-98BB-B5FB8455A1F0}"
EndProject
Project("{2150E333-8FDC-42A3-9474-1A3956D46DE8}") = "Common", "Common", "{4B399923-E8B5-4482-9C51-77887BB67769}"
EndProject
Project("{2150E333-8FDC-42A3-9474-1A3956D46DE8}") = "Infrastructure", "Infrastructure", "{6875F403-0237-47CE-A029-86D8D47EACB7}"
EndProject
Project("{FAE04EC0-301F-11D3-BF4B-00C04F79EFBC}") = "NexusHostAgent", "NexusHostAgent\NexusHostAgent.csproj", "{40EEA93C-1E0A-4A2F-987D-2BA0DD6939FD}"
EndProject
Project("{FAE04EC0-301F-11D3-BF4B-00C04F79EFBC}") = "WCFContracts", "WCFContracts\WCFContracts.csproj", "{B69C53C1-8CBF-4A66-BBB4-C1DCDA3FE4B6}"
EndProject
Project("{2150E333-8FDC-42A3-9474-1A3956D46DE8}") = "TeamFoundation", "TeamFoundation", "{8AA14C02-9FD5-4883-8FE9-E906912A22DD}"
EndProject
Project("{FAE04EC0-301F-11D3-BF4B-00C04F79EFBC}") = "HostAgentActivity", "HostAgentActivity\HostAgentActivity.csproj", "{45CB5998-4374-42E1-8476-05063E76AF9F}"
EndProject
Project("{FAE04EC0-301F-11D3-BF4B-00C04F79EFBC}") = "RSAKeygen", "RSAKeygen\RSAKeygen.csproj", "{9CA9C54C-9F1D-4369-9E7D-735391E8CBE3}"
EndProject
Project("{FAE04EC0-301F-11D3-BF4B-00C04F79EFBC}") = "ShardServer", "ShardServer\ShardServer.csproj", "{AEC4A404-B1F9-4C98-8AE2-162417041ACA}"
EndProject
Project("{FAE04EC0-301F-11D3-BF4B-00C04F79EFBC}") = "NodeViewer", "NodeViewer\NodeViewer.csproj", "{D9652662-C67F-4409-BC92-F5CBD66EF015}"
EndProject
Project("{FAE04EC0-301F-11D3-BF4B-00C04F79EFBC}") = "NumericConverter", "NumericConverter\NumericConverter.csproj", "{EC0BFE09-EB3E-4C96-BF40-18EB535B694D}"
EndProject
Project("{FAE04EC0-301F-11D3-BF4B-00C04F79EFBC}") = "DumpKeys", "DumpKeys\DumpKeys.csproj", "{6C13762E-5042-4F55-A642-F4D65892C3B1}"
EndProject
Project("{8BC9CEB8-8B4A-11D0-8D11-00A0C91BC942}") = "TORCrypto", "TORCrypto\TORCrypto.vcxproj", "{F2F4FBE1-DE85-47CC-BF5D-D56C97ACF2A0}"
EndProject
Project("{FAE04EC0-301F-11D3-BF4B-00C04F79EFBC}") = "Launcher", "Launcher\Launcher.csproj", "{99F897E5-8AEB-444B-8D9D-A0F289E33B4B}"
EndProject
Project("{2150E333-8FDC-42A3-9474-1A3956D46DE8}") = "Tor++_Test_Server", "Tor++_Test_Server", "{558EE54B-5E95-498E-B035-E3B9F25B93B3}"
EndProject
Project("{8BC9CEB8-8B4A-11D0-8D11-00A0C91BC942}") = "Swtor_Test_Server", "Swtor_login\Swtor_login.vcxproj", "{5F872A3F-3FD2-4490-BBE3-DF8F9E658203}"
EndProject
Project("{F088123C-0E9E-452A-89E6-6BA2F21D5CAC}") = "Handshakes", "Modeling\Networking\Handshakes\Handshakes.modelproj", "{43F588BC-85F7-4644-9183-83DB7D8EF504}"
EndProject
Project("{2150E333-8FDC-42A3-9474-1A3956D46DE8}") = "Modeling", "Modeling", "{6157E3B4-1E76-4DB6-BA29-FBFA07B5CEEF}"
EndProject
Project("{8BC9CEB8-8B4A-11D0-8D11-00A0C91BC942}") = "SWToR-Hook", "SWToR-Hook\SWToR-Hook.vcxproj", "{33110850-474B-4B63-87BD-406F7B3C7CA9}"
EndProject
Global
	GlobalSection(TeamFoundationVersionControl) = preSolution
		SccNumberOfProjects = 20
		SccEnterpriseProvider = {4CA58AB2-18FA-4F8D-95D4-32DDF27D184C}
		SccTeamFoundationServer = http://tfs.nexus.lan/tfs/nexuscollection
		SccLocalPath0 = .
		SccProjectUniqueName1 = ClientShardListPatcher\\ClientShardListPatcher.csproj
		SccProjectTopLevelParentUniqueName1 = Nexus\u0020-\u0020The\u0020Old\u0020Republic.sln
		SccProjectName1 = ClientShardListPatcher
		SccLocalPath1 = ClientShardListPatcher
		SccProjectUniqueName2 = Commons\\Commons.csproj
		SccProjectTopLevelParentUniqueName2 = Nexus\u0020-\u0020The\u0020Old\u0020Republic.sln
		SccProjectName2 = Commons
		SccLocalPath2 = Commons
		SccProjectUniqueName3 = Cryptography\\Cryptography.csproj
		SccProjectTopLevelParentUniqueName3 = Nexus\u0020-\u0020The\u0020Old\u0020Republic.sln
		SccProjectName3 = Cryptography
		SccLocalPath3 = Cryptography
		SccProjectUniqueName4 = HostAgentActivity\\HostAgentActivity.csproj
		SccProjectTopLevelParentUniqueName4 = Nexus\u0020-\u0020The\u0020Old\u0020Republic.sln
		SccProjectName4 = HostAgentActivity
		SccLocalPath4 = HostAgentActivity
		SccProjectUniqueName5 = LoginServer\\ProxyServer.csproj
		SccProjectTopLevelParentUniqueName5 = Nexus\u0020-\u0020The\u0020Old\u0020Republic.sln
		SccProjectName5 = LoginServer
		SccLocalPath5 = LoginServer
		SccProjectUniqueName6 = NexusHostAgent\\NexusHostAgent.csproj
		SccProjectTopLevelParentUniqueName6 = Nexus\u0020-\u0020The\u0020Old\u0020Republic.sln
		SccProjectName6 = NexusHostAgent
		SccLocalPath6 = NexusHostAgent
		SccProjectUniqueName7 = ProtocolWalker\\ProtocolWalker.csproj
		SccProjectTopLevelParentUniqueName7 = Nexus\u0020-\u0020The\u0020Old\u0020Republic.sln
		SccProjectName7 = ProtocolWalker
		SccLocalPath7 = ProtocolWalker
		SccProjectUniqueName8 = ShardListServer\\ShardListServer.csproj
		SccProjectTopLevelParentUniqueName8 = Nexus\u0020-\u0020The\u0020Old\u0020Republic.sln
		SccProjectName8 = ShardListServer
		SccLocalPath8 = ShardListServer
		SccProjectUniqueName9 = WCFContracts\\WCFContracts.csproj
		SccProjectTopLevelParentUniqueName9 = Nexus\u0020-\u0020The\u0020Old\u0020Republic.sln
		SccProjectName9 = WCFContracts
		SccLocalPath9 = WCFContracts
		SccProjectUniqueName10 = RSAKeygen\\RSAKeygen.csproj
		SccProjectTopLevelParentUniqueName10 = Nexus\u0020-\u0020The\u0020Old\u0020Republic.sln
		SccProjectName10 = RSAKeygen
		SccLocalPath10 = RSAKeygen
		SccProjectUniqueName11 = ShardServer\\ShardServer.csproj
		SccProjectTopLevelParentUniqueName11 = Nexus\u0020-\u0020The\u0020Old\u0020Republic.sln
		SccProjectName11 = ShardServer
		SccLocalPath11 = ShardServer
		SccProjectUniqueName12 = NodeViewer\\NodeViewer.csproj
		SccProjectTopLevelParentUniqueName12 = Nexus\u0020-\u0020The\u0020Old\u0020Republic.sln
		SccProjectName12 = NodeViewer
		SccLocalPath12 = NodeViewer
		SccProjectUniqueName13 = NumericConverter\\NumericConverter.csproj
		SccProjectTopLevelParentUniqueName13 = Nexus\u0020-\u0020The\u0020Old\u0020Republic.sln
		SccProjectName13 = NumericConverter
		SccLocalPath13 = NumericConverter
		SccProjectUniqueName14 = DumpKeys\\DumpKeys.csproj
		SccProjectTopLevelParentUniqueName14 = Nexus\u0020-\u0020The\u0020Old\u0020Republic.sln
		SccProjectName14 = DumpKeys
		SccLocalPath14 = DumpKeys
		SccProjectUniqueName15 = TORCrypto\\TORCrypto.vcxproj
		SccProjectTopLevelParentUniqueName15 = Nexus\u0020-\u0020The\u0020Old\u0020Republic.sln
		SccProjectName15 = TORCrypto
		SccLocalPath15 = TORCrypto
		SccProjectUniqueName16 = Launcher\\Launcher.csproj
		SccProjectTopLevelParentUniqueName16 = Nexus\u0020-\u0020The\u0020Old\u0020Republic.sln
		SccProjectName16 = Launcher
		SccLocalPath16 = Launcher
		SccProjectUniqueName17 = Swtor_login\\Swtor_login.vcxproj
		SccProjectTopLevelParentUniqueName17 = Nexus\u0020-\u0020The\u0020Old\u0020Republic.sln
		SccProjectName17 = Swtor_login
		SccLocalPath17 = Swtor_login
		SccProjectUniqueName18 = Modeling\\Networking\\Handshakes\\Handshakes.modelproj
		SccProjectTopLevelParentUniqueName18 = Nexus\u0020-\u0020The\u0020Old\u0020Republic.sln
		SccProjectName18 = Modeling/Networking/Handshakes
		SccLocalPath18 = Modeling\\Networking\\Handshakes
		SccProjectUniqueName19 = SWToR-Hook\\SWToR-Hook.vcxproj
		SccProjectTopLevelParentUniqueName19 = Nexus\u0020-\u0020The\u0020Old\u0020Republic.sln
		SccProjectName19 = SWToR-Hook
		SccLocalPath19 = SWToR-Hook
	EndGlobalSection
	GlobalSection(SolutionConfigurationPlatforms) = preSolution
		Debug|Any CPU = Debug|Any CPU
		Debug|Mixed Platforms = Debug|Mixed Platforms
		Debug|Win32 = Debug|Win32
		Debug|x86 = Debug|x86
		Release|Any CPU = Release|Any CPU
		Release|Mixed Platforms = Release|Mixed Platforms
		Release|Win32 = Release|Win32
		Release|x86 = Release|x86
	EndGlobalSection
	GlobalSection(ProjectConfigurationPlatforms) = postSolution
		{1CD0AD6B-06FA-4427-8B23-6814D618ECAB}.Debug|Any CPU.ActiveCfg = Debug|Any CPU
		{1CD0AD6B-06FA-4427-8B23-6814D618ECAB}.Debug|Any CPU.Build.0 = Debug|Any CPU
		{1CD0AD6B-06FA-4427-8B23-6814D618ECAB}.Debug|Mixed Platforms.ActiveCfg = Debug|Any CPU
		{1CD0AD6B-06FA-4427-8B23-6814D618ECAB}.Debug|Mixed Platforms.Build.0 = Debug|Any CPU
		{1CD0AD6B-06FA-4427-8B23-6814D618ECAB}.Debug|Win32.ActiveCfg = Debug|Any CPU
		{1CD0AD6B-06FA-4427-8B23-6814D618ECAB}.Debug|x86.ActiveCfg = Debug|Any CPU
		{1CD0AD6B-06FA-4427-8B23-6814D618ECAB}.Release|Any CPU.ActiveCfg = Release|Any CPU
		{1CD0AD6B-06FA-4427-8B23-6814D618ECAB}.Release|Any CPU.Build.0 = Release|Any CPU
		{1CD0AD6B-06FA-4427-8B23-6814D618ECAB}.Release|Mixed Platforms.ActiveCfg = Release|Any CPU
		{1CD0AD6B-06FA-4427-8B23-6814D618ECAB}.Release|Mixed Platforms.Build.0 = Release|Any CPU
		{1CD0AD6B-06FA-4427-8B23-6814D618ECAB}.Release|Win32.ActiveCfg = Release|Any CPU
		{1CD0AD6B-06FA-4427-8B23-6814D618ECAB}.Release|x86.ActiveCfg = Release|Any CPU
		{49F8DC7E-B104-41BB-A6B8-7A2E66797C6B}.Debug|Any CPU.ActiveCfg = Debug|x86
		{49F8DC7E-B104-41BB-A6B8-7A2E66797C6B}.Debug|Mixed Platforms.ActiveCfg = Debug|x86
		{49F8DC7E-B104-41BB-A6B8-7A2E66797C6B}.Debug|Mixed Platforms.Build.0 = Debug|x86
		{49F8DC7E-B104-41BB-A6B8-7A2E66797C6B}.Debug|Win32.ActiveCfg = Debug|x86
		{49F8DC7E-B104-41BB-A6B8-7A2E66797C6B}.Debug|x86.ActiveCfg = Debug|x86
		{49F8DC7E-B104-41BB-A6B8-7A2E66797C6B}.Debug|x86.Build.0 = Debug|x86
		{49F8DC7E-B104-41BB-A6B8-7A2E66797C6B}.Release|Any CPU.ActiveCfg = Release|x86
		{49F8DC7E-B104-41BB-A6B8-7A2E66797C6B}.Release|Mixed Platforms.ActiveCfg = Release|x86
		{49F8DC7E-B104-41BB-A6B8-7A2E66797C6B}.Release|Mixed Platforms.Build.0 = Release|x86
		{49F8DC7E-B104-41BB-A6B8-7A2E66797C6B}.Release|Win32.ActiveCfg = Release|x86
		{49F8DC7E-B104-41BB-A6B8-7A2E66797C6B}.Release|x86.ActiveCfg = Release|x86
		{49F8DC7E-B104-41BB-A6B8-7A2E66797C6B}.Release|x86.Build.0 = Release|x86
		{43EA2BFB-28AF-4992-B0CC-7741740516D8}.Debug|Any CPU.ActiveCfg = Debug|x86
		{43EA2BFB-28AF-4992-B0CC-7741740516D8}.Debug|Mixed Platforms.ActiveCfg = Debug|x86
		{43EA2BFB-28AF-4992-B0CC-7741740516D8}.Debug|Mixed Platforms.Build.0 = Debug|x86
		{43EA2BFB-28AF-4992-B0CC-7741740516D8}.Debug|Win32.ActiveCfg = Debug|x86
		{43EA2BFB-28AF-4992-B0CC-7741740516D8}.Debug|x86.ActiveCfg = Debug|x86
		{43EA2BFB-28AF-4992-B0CC-7741740516D8}.Debug|x86.Build.0 = Debug|x86
		{43EA2BFB-28AF-4992-B0CC-7741740516D8}.Release|Any CPU.ActiveCfg = Release|x86
		{43EA2BFB-28AF-4992-B0CC-7741740516D8}.Release|Mixed Platforms.ActiveCfg = Release|x86
		{43EA2BFB-28AF-4992-B0CC-7741740516D8}.Release|Mixed Platforms.Build.0 = Release|x86
		{43EA2BFB-28AF-4992-B0CC-7741740516D8}.Release|Win32.ActiveCfg = Release|x86
		{43EA2BFB-28AF-4992-B0CC-7741740516D8}.Release|x86.ActiveCfg = Release|x86
		{43EA2BFB-28AF-4992-B0CC-7741740516D8}.Release|x86.Build.0 = Release|x86
		{4852F409-4C01-4A18-AF41-E2110968CF1E}.Debug|Any CPU.ActiveCfg = Debug|Any CPU
		{4852F409-4C01-4A18-AF41-E2110968CF1E}.Debug|Any CPU.Build.0 = Debug|Any CPU
		{4852F409-4C01-4A18-AF41-E2110968CF1E}.Debug|Mixed Platforms.ActiveCfg = Debug|Any CPU
		{4852F409-4C01-4A18-AF41-E2110968CF1E}.Debug|Mixed Platforms.Build.0 = Debug|Any CPU
		{4852F409-4C01-4A18-AF41-E2110968CF1E}.Debug|Win32.ActiveCfg = Debug|Any CPU
		{4852F409-4C01-4A18-AF41-E2110968CF1E}.Debug|x86.ActiveCfg = Debug|Any CPU
		{4852F409-4C01-4A18-AF41-E2110968CF1E}.Release|Any CPU.ActiveCfg = Release|Any CPU
		{4852F409-4C01-4A18-AF41-E2110968CF1E}.Release|Any CPU.Build.0 = Release|Any CPU
		{4852F409-4C01-4A18-AF41-E2110968CF1E}.Release|Mixed Platforms.ActiveCfg = Release|Any CPU
		{4852F409-4C01-4A18-AF41-E2110968CF1E}.Release|Mixed Platforms.Build.0 = Release|Any CPU
		{4852F409-4C01-4A18-AF41-E2110968CF1E}.Release|Win32.ActiveCfg = Release|Any CPU
		{4852F409-4C01-4A18-AF41-E2110968CF1E}.Release|x86.ActiveCfg = Release|Any CPU
		{3F4324C2-1BB5-436D-9053-660F34BB0C92}.Debug|Any CPU.ActiveCfg = Debug|x86
		{3F4324C2-1BB5-436D-9053-660F34BB0C92}.Debug|Mixed Platforms.ActiveCfg = Debug|x86
		{3F4324C2-1BB5-436D-9053-660F34BB0C92}.Debug|Mixed Platforms.Build.0 = Debug|x86
		{3F4324C2-1BB5-436D-9053-660F34BB0C92}.Debug|Win32.ActiveCfg = Debug|x86
		{3F4324C2-1BB5-436D-9053-660F34BB0C92}.Debug|x86.ActiveCfg = Debug|x86
		{3F4324C2-1BB5-436D-9053-660F34BB0C92}.Debug|x86.Build.0 = Debug|x86
		{3F4324C2-1BB5-436D-9053-660F34BB0C92}.Release|Any CPU.ActiveCfg = Release|x86
		{3F4324C2-1BB5-436D-9053-660F34BB0C92}.Release|Mixed Platforms.ActiveCfg = Release|x86
		{3F4324C2-1BB5-436D-9053-660F34BB0C92}.Release|Mixed Platforms.Build.0 = Release|x86
		{3F4324C2-1BB5-436D-9053-660F34BB0C92}.Release|Win32.ActiveCfg = Release|x86
		{3F4324C2-1BB5-436D-9053-660F34BB0C92}.Release|x86.ActiveCfg = Release|x86
		{3F4324C2-1BB5-436D-9053-660F34BB0C92}.Release|x86.Build.0 = Release|x86
		{7E9F2C4B-091A-4B07-A24A-55F9489856D5}.Debug|Any CPU.ActiveCfg = Debug|x86
		{7E9F2C4B-091A-4B07-A24A-55F9489856D5}.Debug|Mixed Platforms.ActiveCfg = Debug|x86
		{7E9F2C4B-091A-4B07-A24A-55F9489856D5}.Debug|Mixed Platforms.Build.0 = Debug|x86
		{7E9F2C4B-091A-4B07-A24A-55F9489856D5}.Debug|Win32.ActiveCfg = Debug|x86
		{7E9F2C4B-091A-4B07-A24A-55F9489856D5}.Debug|x86.ActiveCfg = Debug|x86
		{7E9F2C4B-091A-4B07-A24A-55F9489856D5}.Debug|x86.Build.0 = Debug|x86
		{7E9F2C4B-091A-4B07-A24A-55F9489856D5}.Release|Any CPU.ActiveCfg = Release|x86
		{7E9F2C4B-091A-4B07-A24A-55F9489856D5}.Release|Mixed Platforms.ActiveCfg = Release|x86
		{7E9F2C4B-091A-4B07-A24A-55F9489856D5}.Release|Mixed Platforms.Build.0 = Release|x86
		{7E9F2C4B-091A-4B07-A24A-55F9489856D5}.Release|Win32.ActiveCfg = Release|x86
		{7E9F2C4B-091A-4B07-A24A-55F9489856D5}.Release|x86.ActiveCfg = Release|x86
		{7E9F2C4B-091A-4B07-A24A-55F9489856D5}.Release|x86.Build.0 = Release|x86
		{40EEA93C-1E0A-4A2F-987D-2BA0DD6939FD}.Debug|Any CPU.ActiveCfg = Debug|x86
		{40EEA93C-1E0A-4A2F-987D-2BA0DD6939FD}.Debug|Mixed Platforms.ActiveCfg = Debug|x86
		{40EEA93C-1E0A-4A2F-987D-2BA0DD6939FD}.Debug|Mixed Platforms.Build.0 = Debug|x86
		{40EEA93C-1E0A-4A2F-987D-2BA0DD6939FD}.Debug|Win32.ActiveCfg = Debug|x86
		{40EEA93C-1E0A-4A2F-987D-2BA0DD6939FD}.Debug|x86.ActiveCfg = Debug|x86
		{40EEA93C-1E0A-4A2F-987D-2BA0DD6939FD}.Debug|x86.Build.0 = Debug|x86
		{40EEA93C-1E0A-4A2F-987D-2BA0DD6939FD}.Release|Any CPU.ActiveCfg = Release|x86
		{40EEA93C-1E0A-4A2F-987D-2BA0DD6939FD}.Release|Mixed Platforms.ActiveCfg = Release|x86
		{40EEA93C-1E0A-4A2F-987D-2BA0DD6939FD}.Release|Mixed Platforms.Build.0 = Release|x86
		{40EEA93C-1E0A-4A2F-987D-2BA0DD6939FD}.Release|Win32.ActiveCfg = Release|x86
		{40EEA93C-1E0A-4A2F-987D-2BA0DD6939FD}.Release|x86.ActiveCfg = Release|x86
		{40EEA93C-1E0A-4A2F-987D-2BA0DD6939FD}.Release|x86.Build.0 = Release|x86
		{B69C53C1-8CBF-4A66-BBB4-C1DCDA3FE4B6}.Debug|Any CPU.ActiveCfg = Debug|Any CPU
		{B69C53C1-8CBF-4A66-BBB4-C1DCDA3FE4B6}.Debug|Any CPU.Build.0 = Debug|Any CPU
		{B69C53C1-8CBF-4A66-BBB4-C1DCDA3FE4B6}.Debug|Mixed Platforms.ActiveCfg = Debug|Any CPU
		{B69C53C1-8CBF-4A66-BBB4-C1DCDA3FE4B6}.Debug|Mixed Platforms.Build.0 = Debug|Any CPU
		{B69C53C1-8CBF-4A66-BBB4-C1DCDA3FE4B6}.Debug|Win32.ActiveCfg = Debug|Any CPU
		{B69C53C1-8CBF-4A66-BBB4-C1DCDA3FE4B6}.Debug|x86.ActiveCfg = Debug|Any CPU
		{B69C53C1-8CBF-4A66-BBB4-C1DCDA3FE4B6}.Release|Any CPU.ActiveCfg = Release|Any CPU
		{B69C53C1-8CBF-4A66-BBB4-C1DCDA3FE4B6}.Release|Any CPU.Build.0 = Release|Any CPU
		{B69C53C1-8CBF-4A66-BBB4-C1DCDA3FE4B6}.Release|Mixed Platforms.ActiveCfg = Release|Any CPU
		{B69C53C1-8CBF-4A66-BBB4-C1DCDA3FE4B6}.Release|Mixed Platforms.Build.0 = Release|Any CPU
		{B69C53C1-8CBF-4A66-BBB4-C1DCDA3FE4B6}.Release|Win32.ActiveCfg = Release|Any CPU
		{B69C53C1-8CBF-4A66-BBB4-C1DCDA3FE4B6}.Release|x86.ActiveCfg = Release|Any CPU
		{45CB5998-4374-42E1-8476-05063E76AF9F}.Debug|Any CPU.ActiveCfg = Debug|Any CPU
		{45CB5998-4374-42E1-8476-05063E76AF9F}.Debug|Any CPU.Build.0 = Debug|Any CPU
		{45CB5998-4374-42E1-8476-05063E76AF9F}.Debug|Mixed Platforms.ActiveCfg = Debug|Any CPU
		{45CB5998-4374-42E1-8476-05063E76AF9F}.Debug|Mixed Platforms.Build.0 = Debug|Any CPU
		{45CB5998-4374-42E1-8476-05063E76AF9F}.Debug|Win32.ActiveCfg = Debug|Any CPU
		{45CB5998-4374-42E1-8476-05063E76AF9F}.Debug|x86.ActiveCfg = Debug|Any CPU
		{45CB5998-4374-42E1-8476-05063E76AF9F}.Release|Any CPU.ActiveCfg = Release|Any CPU
		{45CB5998-4374-42E1-8476-05063E76AF9F}.Release|Any CPU.Build.0 = Release|Any CPU
		{45CB5998-4374-42E1-8476-05063E76AF9F}.Release|Mixed Platforms.ActiveCfg = Release|Any CPU
		{45CB5998-4374-42E1-8476-05063E76AF9F}.Release|Mixed Platforms.Build.0 = Release|Any CPU
		{45CB5998-4374-42E1-8476-05063E76AF9F}.Release|Win32.ActiveCfg = Release|Any CPU
		{45CB5998-4374-42E1-8476-05063E76AF9F}.Release|x86.ActiveCfg = Release|Any CPU
		{9CA9C54C-9F1D-4369-9E7D-735391E8CBE3}.Debug|Any CPU.ActiveCfg = Debug|x86
		{9CA9C54C-9F1D-4369-9E7D-735391E8CBE3}.Debug|Mixed Platforms.ActiveCfg = Debug|x86
		{9CA9C54C-9F1D-4369-9E7D-735391E8CBE3}.Debug|Mixed Platforms.Build.0 = Debug|x86
		{9CA9C54C-9F1D-4369-9E7D-735391E8CBE3}.Debug|Win32.ActiveCfg = Debug|x86
		{9CA9C54C-9F1D-4369-9E7D-735391E8CBE3}.Debug|x86.ActiveCfg = Debug|x86
		{9CA9C54C-9F1D-4369-9E7D-735391E8CBE3}.Debug|x86.Build.0 = Debug|x86
		{9CA9C54C-9F1D-4369-9E7D-735391E8CBE3}.Release|Any CPU.ActiveCfg = Release|x86
		{9CA9C54C-9F1D-4369-9E7D-735391E8CBE3}.Release|Mixed Platforms.ActiveCfg = Release|x86
		{9CA9C54C-9F1D-4369-9E7D-735391E8CBE3}.Release|Mixed Platforms.Build.0 = Release|x86
		{9CA9C54C-9F1D-4369-9E7D-735391E8CBE3}.Release|Win32.ActiveCfg = Release|x86
		{9CA9C54C-9F1D-4369-9E7D-735391E8CBE3}.Release|x86.ActiveCfg = Release|x86
		{9CA9C54C-9F1D-4369-9E7D-735391E8CBE3}.Release|x86.Build.0 = Release|x86
		{AEC4A404-B1F9-4C98-8AE2-162417041ACA}.Debug|Any CPU.ActiveCfg = Debug|x86
		{AEC4A404-B1F9-4C98-8AE2-162417041ACA}.Debug|Mixed Platforms.ActiveCfg = Debug|x86
		{AEC4A404-B1F9-4C98-8AE2-162417041ACA}.Debug|Mixed Platforms.Build.0 = Debug|x86
		{AEC4A404-B1F9-4C98-8AE2-162417041ACA}.Debug|Win32.ActiveCfg = Debug|x86
		{AEC4A404-B1F9-4C98-8AE2-162417041ACA}.Debug|x86.ActiveCfg = Debug|x86
		{AEC4A404-B1F9-4C98-8AE2-162417041ACA}.Debug|x86.Build.0 = Debug|x86
		{AEC4A404-B1F9-4C98-8AE2-162417041ACA}.Release|Any CPU.ActiveCfg = Release|x86
		{AEC4A404-B1F9-4C98-8AE2-162417041ACA}.Release|Mixed Platforms.ActiveCfg = Release|x86
		{AEC4A404-B1F9-4C98-8AE2-162417041ACA}.Release|Mixed Platforms.Build.0 = Release|x86
		{AEC4A404-B1F9-4C98-8AE2-162417041ACA}.Release|Win32.ActiveCfg = Release|x86
		{AEC4A404-B1F9-4C98-8AE2-162417041ACA}.Release|x86.ActiveCfg = Release|x86
		{AEC4A404-B1F9-4C98-8AE2-162417041ACA}.Release|x86.Build.0 = Release|x86
		{D9652662-C67F-4409-BC92-F5CBD66EF015}.Debug|Any CPU.ActiveCfg = Debug|x86
		{D9652662-C67F-4409-BC92-F5CBD66EF015}.Debug|Mixed Platforms.ActiveCfg = Debug|x86
		{D9652662-C67F-4409-BC92-F5CBD66EF015}.Debug|Mixed Platforms.Build.0 = Debug|x86
		{D9652662-C67F-4409-BC92-F5CBD66EF015}.Debug|Win32.ActiveCfg = Debug|x86
		{D9652662-C67F-4409-BC92-F5CBD66EF015}.Debug|x86.ActiveCfg = Debug|x86
		{D9652662-C67F-4409-BC92-F5CBD66EF015}.Debug|x86.Build.0 = Debug|x86
		{D9652662-C67F-4409-BC92-F5CBD66EF015}.Release|Any CPU.ActiveCfg = Release|x86
		{D9652662-C67F-4409-BC92-F5CBD66EF015}.Release|Mixed Platforms.ActiveCfg = Release|x86
		{D9652662-C67F-4409-BC92-F5CBD66EF015}.Release|Mixed Platforms.Build.0 = Release|x86
		{D9652662-C67F-4409-BC92-F5CBD66EF015}.Release|Win32.ActiveCfg = Release|x86
		{D9652662-C67F-4409-BC92-F5CBD66EF015}.Release|x86.ActiveCfg = Release|x86
		{D9652662-C67F-4409-BC92-F5CBD66EF015}.Release|x86.Build.0 = Release|x86
		{EC0BFE09-EB3E-4C96-BF40-18EB535B694D}.Debug|Any CPU.ActiveCfg = Debug|x86
		{EC0BFE09-EB3E-4C96-BF40-18EB535B694D}.Debug|Mixed Platforms.ActiveCfg = Debug|x86
		{EC0BFE09-EB3E-4C96-BF40-18EB535B694D}.Debug|Mixed Platforms.Build.0 = Debug|x86
		{EC0BFE09-EB3E-4C96-BF40-18EB535B694D}.Debug|Win32.ActiveCfg = Debug|x86
		{EC0BFE09-EB3E-4C96-BF40-18EB535B694D}.Debug|x86.ActiveCfg = Debug|x86
		{EC0BFE09-EB3E-4C96-BF40-18EB535B694D}.Debug|x86.Build.0 = Debug|x86
		{EC0BFE09-EB3E-4C96-BF40-18EB535B694D}.Release|Any CPU.ActiveCfg = Release|x86
		{EC0BFE09-EB3E-4C96-BF40-18EB535B694D}.Release|Mixed Platforms.ActiveCfg = Release|x86
		{EC0BFE09-EB3E-4C96-BF40-18EB535B694D}.Release|Mixed Platforms.Build.0 = Release|x86
		{EC0BFE09-EB3E-4C96-BF40-18EB535B694D}.Release|Win32.ActiveCfg = Release|x86
		{EC0BFE09-EB3E-4C96-BF40-18EB535B694D}.Release|x86.ActiveCfg = Release|x86
		{EC0BFE09-EB3E-4C96-BF40-18EB535B694D}.Release|x86.Build.0 = Release|x86
		{6C13762E-5042-4F55-A642-F4D65892C3B1}.Debug|Any CPU.ActiveCfg = Debug|x86
		{6C13762E-5042-4F55-A642-F4D65892C3B1}.Debug|Mixed Platforms.ActiveCfg = Debug|x86
		{6C13762E-5042-4F55-A642-F4D65892C3B1}.Debug|Mixed Platforms.Build.0 = Debug|x86
		{6C13762E-5042-4F55-A642-F4D65892C3B1}.Debug|Win32.ActiveCfg = Debug|x86
		{6C13762E-5042-4F55-A642-F4D65892C3B1}.Debug|x86.ActiveCfg = Debug|x86
		{6C13762E-5042-4F55-A642-F4D65892C3B1}.Debug|x86.Build.0 = Debug|x86
		{6C13762E-5042-4F55-A642-F4D65892C3B1}.Release|Any CPU.ActiveCfg = Release|x86
		{6C13762E-5042-4F55-A642-F4D65892C3B1}.Release|Mixed Platforms.ActiveCfg = Release|x86
		{6C13762E-5042-4F55-A642-F4D65892C3B1}.Release|Mixed Platforms.Build.0 = Release|x86
		{6C13762E-5042-4F55-A642-F4D65892C3B1}.Release|Win32.ActiveCfg = Release|x86
		{6C13762E-5042-4F55-A642-F4D65892C3B1}.Release|x86.ActiveCfg = Release|x86
		{6C13762E-5042-4F55-A642-F4D65892C3B1}.Release|x86.Build.0 = Release|x86
		{F2F4FBE1-DE85-47CC-BF5D-D56C97ACF2A0}.Debug|Any CPU.ActiveCfg = Debug|Win32
		{F2F4FBE1-DE85-47CC-BF5D-D56C97ACF2A0}.Debug|Mixed Platforms.ActiveCfg = Debug|Win32
		{F2F4FBE1-DE85-47CC-BF5D-D56C97ACF2A0}.Debug|Mixed Platforms.Build.0 = Debug|Win32
		{F2F4FBE1-DE85-47CC-BF5D-D56C97ACF2A0}.Debug|Win32.ActiveCfg = Debug|Win32
		{F2F4FBE1-DE85-47CC-BF5D-D56C97ACF2A0}.Debug|Win32.Build.0 = Debug|Win32
		{F2F4FBE1-DE85-47CC-BF5D-D56C97ACF2A0}.Debug|x86.ActiveCfg = Debug|Win32
		{F2F4FBE1-DE85-47CC-BF5D-D56C97ACF2A0}.Release|Any CPU.ActiveCfg = Release|Win32
		{F2F4FBE1-DE85-47CC-BF5D-D56C97ACF2A0}.Release|Mixed Platforms.ActiveCfg = Release|Win32
		{F2F4FBE1-DE85-47CC-BF5D-D56C97ACF2A0}.Release|Mixed Platforms.Build.0 = Release|Win32
		{F2F4FBE1-DE85-47CC-BF5D-D56C97ACF2A0}.Release|Win32.ActiveCfg = Release|Win32
		{F2F4FBE1-DE85-47CC-BF5D-D56C97ACF2A0}.Release|Win32.Build.0 = Release|Win32
		{F2F4FBE1-DE85-47CC-BF5D-D56C97ACF2A0}.Release|x86.ActiveCfg = Release|Win32
		{99F897E5-8AEB-444B-8D9D-A0F289E33B4B}.Debug|Any CPU.ActiveCfg = Debug|x86
		{99F897E5-8AEB-444B-8D9D-A0F289E33B4B}.Debug|Mixed Platforms.ActiveCfg = Debug|x86
		{99F897E5-8AEB-444B-8D9D-A0F289E33B4B}.Debug|Mixed Platforms.Build.0 = Debug|x86
		{99F897E5-8AEB-444B-8D9D-A0F289E33B4B}.Debug|Win32.ActiveCfg = Debug|x86
		{99F897E5-8AEB-444B-8D9D-A0F289E33B4B}.Debug|x86.ActiveCfg = Debug|x86
		{99F897E5-8AEB-444B-8D9D-A0F289E33B4B}.Debug|x86.Build.0 = Debug|x86
		{99F897E5-8AEB-444B-8D9D-A0F289E33B4B}.Release|Any CPU.ActiveCfg = Release|x86
		{99F897E5-8AEB-444B-8D9D-A0F289E33B4B}.Release|Mixed Platforms.ActiveCfg = Release|x86
		{99F897E5-8AEB-444B-8D9D-A0F289E33B4B}.Release|Mixed Platforms.Build.0 = Release|x86
		{99F897E5-8AEB-444B-8D9D-A0F289E33B4B}.Release|Win32.ActiveCfg = Release|x86
		{99F897E5-8AEB-444B-8D9D-A0F289E33B4B}.Release|x86.ActiveCfg = Release|x86
		{99F897E5-8AEB-444B-8D9D-A0F289E33B4B}.Release|x86.Build.0 = Release|x86
		{5F872A3F-3FD2-4490-BBE3-DF8F9E658203}.Debug|Any CPU.ActiveCfg = Debug|Win32
		{5F872A3F-3FD2-4490-BBE3-DF8F9E658203}.Debug|Mixed Platforms.ActiveCfg = Debug|Win32
		{5F872A3F-3FD2-4490-BBE3-DF8F9E658203}.Debug|Mixed Platforms.Build.0 = Debug|Win32
		{5F872A3F-3FD2-4490-BBE3-DF8F9E658203}.Debug|Win32.ActiveCfg = Debug|Win32
		{5F872A3F-3FD2-4490-BBE3-DF8F9E658203}.Debug|Win32.Build.0 = Debug|Win32
		{5F872A3F-3FD2-4490-BBE3-DF8F9E658203}.Debug|x86.ActiveCfg = Debug|Win32
		{5F872A3F-3FD2-4490-BBE3-DF8F9E658203}.Release|Any CPU.ActiveCfg = Release|Win32
		{5F872A3F-3FD2-4490-BBE3-DF8F9E658203}.Release|Mixed Platforms.ActiveCfg = Release|Win32
		{5F872A3F-3FD2-4490-BBE3-DF8F9E658203}.Release|Mixed Platforms.Build.0 = Release|Win32
		{5F872A3F-3FD2-4490-BBE3-DF8F9E658203}.Release|Win32.ActiveCfg = Release|Win32
		{5F872A3F-3FD2-4490-BBE3-DF8F9E658203}.Release|Win32.Build.0 = Release|Win32
		{5F872A3F-3FD2-4490-BBE3-DF8F9E658203}.Release|x86.ActiveCfg = Release|Win32
		{43F588BC-85F7-4644-9183-83DB7D8EF504}.Debug|Any CPU.ActiveCfg = Debug|Any CPU
		{43F588BC-85F7-4644-9183-83DB7D8EF504}.Debug|Any CPU.Build.0 = Debug|Any CPU
		{43F588BC-85F7-4644-9183-83DB7D8EF504}.Debug|Mixed Platforms.ActiveCfg = Debug|Any CPU
		{43F588BC-85F7-4644-9183-83DB7D8EF504}.Debug|Mixed Platforms.Build.0 = Debug|Any CPU
		{43F588BC-85F7-4644-9183-83DB7D8EF504}.Debug|Win32.ActiveCfg = Debug|Any CPU
		{43F588BC-85F7-4644-9183-83DB7D8EF504}.Debug|x86.ActiveCfg = Debug|Any CPU
		{43F588BC-85F7-4644-9183-83DB7D8EF504}.Release|Any CPU.ActiveCfg = Release|Any CPU
		{43F588BC-85F7-4644-9183-83DB7D8EF504}.Release|Any CPU.Build.0 = Release|Any CPU
		{43F588BC-85F7-4644-9183-83DB7D8EF504}.Release|Mixed Platforms.ActiveCfg = Release|Any CPU
		{43F588BC-85F7-4644-9183-83DB7D8EF504}.Release|Mixed Platforms.Build.0 = Release|Any CPU
		{43F588BC-85F7-4644-9183-83DB7D8EF504}.Release|Win32.ActiveCfg = Release|Any CPU
		{43F588BC-85F7-4644-9183-83DB7D8EF504}.Release|x86.ActiveCfg = Release|Any CPU
		{33110850-474B-4B63-87BD-406F7B3C7CA9}.Debug|Any CPU.ActiveCfg = Debug|Win32
		{33110850-474B-4B63-87BD-406F7B3C7CA9}.Debug|Mixed Platforms.ActiveCfg = Debug|Win32
		{33110850-474B-4B63-87BD-406F7B3C7CA9}.Debug|Mixed Platforms.Build.0 = Debug|Win32
		{33110850-474B-4B63-87BD-406F7B3C7CA9}.Debug|Win32.ActiveCfg = Debug|Win32
		{33110850-474B-4B63-87BD-406F7B3C7CA9}.Debug|Win32.Build.0 = Debug|Win32
		{33110850-474B-4B63-87BD-406F7B3C7CA9}.Debug|x86.ActiveCfg = Debug|Win32
		{33110850-474B-4B63-87BD-406F7B3C7CA9}.Release|Any CPU.ActiveCfg = Release|Win32
		{33110850-474B-4B63-87BD-406F7B3C7CA9}.Release|Mixed Platforms.ActiveCfg = Release|Win32
		{33110850-474B-4B63-87BD-406F7B3C7CA9}.Release|Mixed Platforms.Build.0 = Release|Win32
		{33110850-474B-4B63-87BD-406F7B3C7CA9}.Release|Win32.ActiveCfg = Release|Win32
		{33110850-474B-4B63-87BD-406F7B3C7CA9}.Release|Win32.Build.0 = Release|Win32
		{33110850-474B-4B63-87BD-406F7B3C7CA9}.Release|x86.ActiveCfg = Release|Win32
	EndGlobalSection
	GlobalSection(SolutionProperties) = preSolution
		HideSolutionNode = FALSE
	EndGlobalSection
	GlobalSection(NestedProjects) = preSolution
		{4852F409-4C01-4A18-AF41-E2110968CF1E} = {4B399923-E8B5-4482-9C51-77887BB67769}
		{1CD0AD6B-06FA-4427-8B23-6814D618ECAB} = {4B399923-E8B5-4482-9C51-77887BB67769}
		{B69C53C1-8CBF-4A66-BBB4-C1DCDA3FE4B6} = {4B399923-E8B5-4482-9C51-77887BB67769}
		{F2F4FBE1-DE85-47CC-BF5D-D56C97ACF2A0} = {4B399923-E8B5-4482-9C51-77887BB67769}
		{7E9F2C4B-091A-4B07-A24A-55F9489856D5} = {21E0DB70-F9D8-4846-98BB-B5FB8455A1F0}
		{49F8DC7E-B104-41BB-A6B8-7A2E66797C6B} = {21E0DB70-F9D8-4846-98BB-B5FB8455A1F0}
		{AEC4A404-B1F9-4C98-8AE2-162417041ACA} = {21E0DB70-F9D8-4846-98BB-B5FB8455A1F0}
		{3F4324C2-1BB5-436D-9053-660F34BB0C92} = {0394FBBE-434F-4A7F-8309-B7342EDF0CEC}
		{43EA2BFB-28AF-4992-B0CC-7741740516D8} = {0394FBBE-434F-4A7F-8309-B7342EDF0CEC}
		{9CA9C54C-9F1D-4369-9E7D-735391E8CBE3} = {0394FBBE-434F-4A7F-8309-B7342EDF0CEC}
		{D9652662-C67F-4409-BC92-F5CBD66EF015} = {0394FBBE-434F-4A7F-8309-B7342EDF0CEC}
		{EC0BFE09-EB3E-4C96-BF40-18EB535B694D} = {0394FBBE-434F-4A7F-8309-B7342EDF0CEC}
		{6C13762E-5042-4F55-A642-F4D65892C3B1} = {0394FBBE-434F-4A7F-8309-B7342EDF0CEC}
		{99F897E5-8AEB-444B-8D9D-A0F289E33B4B} = {0394FBBE-434F-4A7F-8309-B7342EDF0CEC}
		{33110850-474B-4B63-87BD-406F7B3C7CA9} = {0394FBBE-434F-4A7F-8309-B7342EDF0CEC}
		{40EEA93C-1E0A-4A2F-987D-2BA0DD6939FD} = {6875F403-0237-47CE-A029-86D8D47EACB7}
		{45CB5998-4374-42E1-8476-05063E76AF9F} = {8AA14C02-9FD5-4883-8FE9-E906912A22DD}
		{5F872A3F-3FD2-4490-BBE3-DF8F9E658203} = {558EE54B-5E95-498E-B035-E3B9F25B93B3}
		{43F588BC-85F7-4644-9183-83DB7D8EF504} = {6157E3B4-1E76-4DB6-BA29-FBFA07B5CEEF}
	EndGlobalSection
EndGlobal
